// !$*UTF8*$!
{
	archiveVersion = 1;
	classes = {
	};
	objectVersion = 46;
	objects = {

/* Begin PBXBuildFile section */
		A0249F0E1AAA50FC00058F4F /* main.m in Sources */ = {isa = PBXBuildFile; fileRef = A0249F0D1AAA50FC00058F4F /* main.m */; };
		A0249F111AAA50FC00058F4F /* AppDelegate.m in Sources */ = {isa = PBXBuildFile; fileRef = A0249F101AAA50FC00058F4F /* AppDelegate.m */; };
		A0249F141AAA50FC00058F4F /* ViewController.m in Sources */ = {isa = PBXBuildFile; fileRef = A0249F131AAA50FC00058F4F /* ViewController.m */; };
		A0249F171AAA50FC00058F4F /* Main.storyboard in Resources */ = {isa = PBXBuildFile; fileRef = A0249F151AAA50FC00058F4F /* Main.storyboard */; };
		A0249F191AAA50FC00058F4F /* Images.xcassets in Resources */ = {isa = PBXBuildFile; fileRef = A0249F181AAA50FC00058F4F /* Images.xcassets */; };
		A0249F1C1AAA50FC00058F4F /* LaunchScreen.xib in Resources */ = {isa = PBXBuildFile; fileRef = A0249F1A1AAA50FC00058F4F /* LaunchScreen.xib */; };
		A0249F281AAA50FC00058F4F /* AOliveraStateCapitalsTests.m in Sources */ = {isa = PBXBuildFile; fileRef = A0249F271AAA50FC00058F4F /* AOliveraStateCapitalsTests.m */; };
/* End PBXBuildFile section */

/* Begin PBXContainerItemProxy section */
		A0249F221AAA50FC00058F4F /* PBXContainerItemProxy */ = {
			isa = PBXContainerItemProxy;
			containerPortal = A0249F001AAA50FC00058F4F /* Project object */;
			proxyType = 1;
			remoteGlobalIDString = A0249F071AAA50FC00058F4F;
			remoteInfo = AOliveraStateCapitals;
		};
/* End PBXContainerItemProxy section */

/* Begin PBXFileReference section */
		A0249F081AAA50FC00058F4F /* AOliveraStateCapitals.app */ = {isa = PBXFileReference; explicitFileType = wrapper.application; includeInIndex = 0; path = AOliveraStateCapitals.app; sourceTree = BUILT_PRODUCTS_DIR; };
		A0249F0C1AAA50FC00058F4F /* Info.plist */ = {isa = PBXFileReference; lastKnownFileType = text.plist.xml; path = Info.plist; sourceTree = "<group>"; };
		A0249F0D1AAA50FC00058F4F /* main.m */ = {isa = PBXFileReference; lastKnownFileType = sourcecode.c.objc; path = main.m; sourceTree = "<group>"; };
		A0249F0F1AAA50FC00058F4F /* AppDelegate.h */ = {isa = PBXFileReference; lastKnownFileType = sourcecode.c.h; path = AppDelegate.h; sourceTree = "<group>"; };
		A0249F101AAA50FC00058F4F /* AppDelegate.m */ = {isa = PBXFileReference; lastKnownFileType = sourcecode.c.objc; path = AppDelegate.m; sourceTree = "<group>"; };
		A0249F121AAA50FC00058F4F /* ViewController.h */ = {isa = PBXFileReference; lastKnownFileType = sourcecode.c.h; path = ViewController.h; sourceTree = "<group>"; };
		A0249F131AAA50FC00058F4F /* ViewController.m */ = {isa = PBXFileReference; lastKnownFileType = sourcecode.c.objc; path = ViewController.m; sourceTree = "<group>"; };
		A0249F161AAA50FC00058F4F /* Base */ = {isa = PBXFileReference; lastKnownFileType = file.storyboard; name = Base; path = Base.lproj/Main.storyboard; sourceTree = "<group>"; };
		A0249F181AAA50FC00058F4F /* Images.xcassets */ = {isa = PBXFileReference; lastKnownFileType = folder.assetcatalog; path = Images.xcassets; sourceTree = "<group>"; };
		A0249F1B1AAA50FC00058F4F /* Base */ = {isa = PBXFileReference; lastKnownFileType = file.xib; name = Base; path = Base.lproj/LaunchScreen.xib; sourceTree = "<group>"; };
		A0249F211AAA50FC00058F4F /* AOliveraStateCapitalsTests.xctest */ = {isa = PBXFileReference; explicitFileType = wrapper.cfbundle; includeInIndex = 0; path = AOliveraStateCapitalsTests.xctest; sourceTree = BUILT_PRODUCTS_DIR; };
		A0249F261AAA50FC00058F4F /* Info.plist */ = {isa = PBXFileReference; lastKnownFileType = text.plist.xml; path = Info.plist; sourceTree = "<group>"; };
		A0249F271AAA50FC00058F4F /* AOliveraStateCapitalsTests.m */ = {isa = PBXFileReference; lastKnownFileType = sourcecode.c.objc; path = AOliveraStateCapitalsTests.m; sourceTree = "<group>"; };
/* End PBXFileReference section */

/* Begin PBXFrameworksBuildPhase section */
		A0249F051AAA50FC00058F4F /* Frameworks */ = {
			isa = PBXFrameworksBuildPhase;
			buildActionMask = 2147483647;
			files = (
			);
			runOnlyForDeploymentPostprocessing = 0;
		};
		A0249F1E1AAA50FC00058F4F /* Frameworks */ = {
			isa = PBXFrameworksBuildPhase;
			buildActionMask = 2147483647;
			files = (
			);
			runOnlyForDeploymentPostprocessing = 0;
		};
/* End PBXFrameworksBuildPhase section */

/* Begin PBXGroup section */
		A0249EFF1AAA50FC00058F4F = {
			isa = PBXGroup;
			children = (
				A0249F0A1AAA50FC00058F4F /* AOliveraStateCapitals */,
				A0249F241AAA50FC00058F4F /* AOliveraStateCapitalsTests */,
				A0249F091AAA50FC00058F4F /* Products */,
			);
			sourceTree = "<group>";
		};
		A0249F091AAA50FC00058F4F /* Products */ = {
			isa = PBXGroup;
			children = (
				A0249F081AAA50FC00058F4F /* AOliveraStateCapitals.app */,
				A0249F211AAA50FC00058F4F /* AOliveraStateCapitalsTests.xctest */,
			);
			name = Products;
			sourceTree = "<group>";
		};
		A0249F0A1AAA50FC00058F4F /* AOliveraStateCapitals */ = {
			isa = PBXGroup;
			children = (
				A0249F0F1AAA50FC00058F4F /* AppDelegate.h */,
				A0249F101AAA50FC00058F4F /* AppDelegate.m */,
				A0249F121AAA50FC00058F4F /* ViewController.h */,
				A0249F131AAA50FC00058F4F /* ViewController.m */,
				A0249F151AAA50FC00058F4F /* Main.storyboard */,
				A0249F181AAA50FC00058F4F /* Images.xcassets */,
				A0249F1A1AAA50FC00058F4F /* LaunchScreen.xib */,
				A0249F0B1AAA50FC00058F4F /* Supporting Files */,
			);
			path = AOliveraStateCapitals;
			sourceTree = "<group>";
		};
		A0249F0B1AAA50FC00058F4F /* Supporting Files */ = {
			isa = PBXGroup;
			children = (
				A0249F0C1AAA50FC00058F4F /* Info.plist */,
				A0249F0D1AAA50FC00058F4F /* main.m */,
			);
			name = "Supporting Files";
			sourceTree = "<group>";
		};
		A0249F241AAA50FC00058F4F /* AOliveraStateCapitalsTests */ = {
			isa = PBXGroup;
			children = (
				A0249F271AAA50FC00058F4F /* AOliveraStateCapitalsTests.m */,
				A0249F251AAA50FC00058F4F /* Supporting Files */,
			);
			path = AOliveraStateCapitalsTests;
			sourceTree = "<group>";
		};
		A0249F251AAA50FC00058F4F /* Supporting Files */ = {
			isa = PBXGroup;
			children = (
				A0249F261AAA50FC00058F4F /* Info.plist */,
			);
			name = "Supporting Files";
			sourceTree = "<group>";
		};
/* End PBXGroup section */

/* Begin PBXNativeTarget section */
		A0249F071AAA50FC00058F4F /* AOliveraStateCapitals */ = {
			isa = PBXNativeTarget;
			buildConfigurationList = A0249F2B1AAA50FC00058F4F /* Build configuration list for PBXNativeTarget "AOliveraStateCapitals" */;
			buildPhases = (
				A0249F041AAA50FC00058F4F /* Sources */,
				A0249F051AAA50FC00058F4F /* Frameworks */,
				A0249F061AAA50FC00058F4F /* Resources */,
			);
			buildRules = (
			);
			dependencies = (
			);
			name = AOliveraStateCapitals;
			productName = AOliveraStateCapitals;
			productReference = A0249F081AAA50FC00058F4F /* AOliveraStateCapitals.app */;
			productType = "com.apple.product-type.application";
		};
		A0249F201AAA50FC00058F4F /* AOliveraStateCapitalsTests */ = {
			isa = PBXNativeTarget;
			buildConfigurationList = A0249F2E1AAA50FC00058F4F /* Build configuration list for PBXNativeTarget "AOliveraStateCapitalsTests" */;
			buildPhases = (
				A0249F1D1AAA50FC00058F4F /* Sources */,
				A0249F1E1AAA50FC00058F4F /* Frameworks */,
				A0249F1F1AAA50FC00058F4F /* Resources */,
			);
			buildRules = (
			);
			dependencies = (
				A0249F231AAA50FC00058F4F /* PBXTargetDependency */,
			);
			name = AOliveraStateCapitalsTests;
			productName = AOliveraStateCapitalsTests;
			productReference = A0249F211AAA50FC00058F4F /* AOliveraStateCapitalsTests.xctest */;
			productType = "com.apple.product-type.bundle.unit-test";
		};
/* End PBXNativeTarget section */

/* Begin PBXProject section */
		A0249F001AAA50FC00058F4F /* Project object */ = {
			isa = PBXProject;
			attributes = {
				LastUpgradeCheck = 0630;
				ORGANIZATIONNAME = sbcc;
				TargetAttributes = {
					A0249F071AAA50FC00058F4F = {
						CreatedOnToolsVersion = 6.3;
						DevelopmentTeam = Z2AYU7N8TC;
					};
					A0249F201AAA50FC00058F4F = {
						CreatedOnToolsVersion = 6.3;
						TestTargetID = A0249F071AAA50FC00058F4F;
					};
				};
			};
			buildConfigurationList = A0249F031AAA50FC00058F4F /* Build configuration list for PBXProject "AOliveraStateCapitals" */;
			compatibilityVersion = "Xcode 3.2";
			developmentRegion = English;
			hasScannedForEncodings = 0;
			knownRegions = (
				en,
				Base,
			);
			mainGroup = A0249EFF1AAA50FC00058F4F;
			productRefGroup = A0249F091AAA50FC00058F4F /* Products */;
			projectDirPath = "";
			projectRoot = "";
			targets = (
				A0249F071AAA50FC00058F4F /* AOliveraStateCapitals */,
				A0249F201AAA50FC00058F4F /* AOliveraStateCapitalsTests */,
			);
		};
/* End PBXProject section */

/* Begin PBXResourcesBuildPhase section */
		A0249F061AAA50FC00058F4F /* Resources */ = {
			isa = PBXResourcesBuildPhase;
			buildActionMask = 2147483647;
			files = (
				A0249F171AAA50FC00058F4F /* Main.storyboard in Resources */,
				A0249F1C1AAA50FC00058F4F /* LaunchScreen.xib in Resources */,
				A0249F191AAA50FC00058F4F /* Images.xcassets in Resources */,
			);
			runOnlyForDeploymentPostprocessing = 0;
		};
		A0249F1F1AAA50FC00058F4F /* Resources */ = {
			isa = PBXResourcesBuildPhase;
			buildActionMask = 2147483647;
			files = (
			);
			runOnlyForDeploymentPostprocessing = 0;
		};
/* End PBXResourcesBuildPhase section */

/* Begin PBXSourcesBuildPhase section */
		A0249F041AAA50FC00058F4F /* Sources */ = {
			isa = PBXSourcesBuildPhase;
			buildActionMask = 2147483647;
			files = (
				A0249F141AAA50FC00058F4F /* ViewController.m in Sources */,
				A0249F111AAA50FC00058F4F /* AppDelegate.m in Sources */,
				A0249F0E1AAA50FC00058F4F /* main.m in Sources */,
			);
			runOnlyForDeploymentPostprocessing = 0;
		};
		A0249F1D1AAA50FC00058F4F /* Sources */ = {
			isa = PBXSourcesBuildPhase;
			buildActionMask = 2147483647;
			files = (
				A0249F281AAA50FC00058F4F /* AOliveraStateCapitalsTests.m in Sources */,
			);
			runOnlyForDeploymentPostprocessing = 0;
		};
/* End PBXSourcesBuildPhase section */

/* Begin PBXTargetDependency section */
		A0249F231AAA50FC00058F4F /* PBXTargetDependency */ = {
			isa = PBXTargetDependency;
			target = A0249F071AAA50FC00058F4F /* AOliveraStateCapitals */;
			targetProxy = A0249F221AAA50FC00058F4F /* PBXContainerItemProxy */;
		};
/* End PBXTargetDependency section */

/* Begin PBXVariantGroup section */
		A0249F151AAA50FC00058F4F /* Main.storyboard */ = {
			isa = PBXVariantGroup;
			children = (
				A0249F161AAA50FC00058F4F /* Base */,
			);
			name = Main.storyboard;
			sourceTree = "<group>";
		};
		A0249F1A1AAA50FC00058F4F /* LaunchScreen.xib */ = {
			isa = PBXVariantGroup;
			children = (
				A0249F1B1AAA50FC00058F4F /* Base */,
			);
			name = LaunchScreen.xib;
			sourceTree = "<group>";
		};
/* End PBXVariantGroup section */

/* Begin XCBuildConfiguration section */
		A0249F291AAA50FC00058F4F /* Debug */ = {
			isa = XCBuildConfiguration;
			buildSettings = {
				ALWAYS_SEARCH_USER_PATHS = NO;
				CLANG_CXX_LANGUAGE_STANDARD = "gnu++0x";
				CLANG_CXX_LIBRARY = "libc++";
				CLANG_ENABLE_MODULES = YES;
				CLANG_ENABLE_OBJC_ARC = YES;
				CLANG_WARN_BOOL_CONVERSION = YES;
				CLANG_WARN_CONSTANT_CONVERSION = YES;
				CLANG_WARN_DIRECT_OBJC_ISA_USAGE = YES_ERROR;
				CLANG_WARN_EMPTY_BODY = YES;
				CLANG_WARN_ENUM_CONVERSION = YES;
				CLANG_WARN_INT_CONVERSION = YES;
				CLANG_WARN_OBJC_ROOT_CLASS = YES_ERROR;
				CLANG_WARN_UNREACHABLE_CODE = YES;
				CLANG_WARN__DUPLICATE_METHOD_MATCH = YES;
				"CODE_SIGN_IDENTITY[sdk=iphoneos*]" = "iPhone Developer";
				COPY_PHASE_STRIP = NO;
				DEBUG_INFORMATION_FORMAT = dwarf;
				ENABLE_STRICT_OBJC_MSGSEND = YES;
				GCC_C_LANGUAGE_STANDARD = gnu99;
				GCC_DYNAMIC_NO_PIC = NO;
				GCC_NO_COMMON_BLOCKS = YES;
				GCC_OPTIMIZATION_LEVEL = 0;
				GCC_PREPROCESSOR_DEFINITIONS = (
					"DEBUG=1",
					"$(inherited)",
				);
				GCC_SYMBOLS_PRIVATE_EXTERN = NO;
				GCC_WARN_64_TO_32_BIT_CONVERSION = YES;
				GCC_WARN_ABOUT_RETURN_TYPE = YES_ERROR;
				GCC_WARN_UNDECLARED_SELECTOR = YES;
				GCC_WARN_UNINITIALIZED_AUTOS = YES_AGGRESSIVE;
				GCC_WARN_UNUSED_FUNCTION = YES;
				GCC_WARN_UNUSED_VARIABLE = YES;
				IPHONEOS_DEPLOYMENT_TARGET = 8.3;
				MTL_ENABLE_DEBUG_INFO = YES;
				ONLY_ACTIVE_ARCH = YES;
				SDKROOT = iphoneos;
				TARGETED_DEVICE_FAMILY = "1,2";
			};
			name = Debug;
		};
		A0249F2A1AAA50FC00058F4F /* Release */ = {
			isa = XCBuildConfiguration;
			buildSettings = {
				ALWAYS_SEARCH_USER_PATHS = NO;
				CLANG_CXX_LANGUAGE_STANDARD = "gnu++0x";
				CLANG_CXX_LIBRARY = "libc++";
				CLANG_ENABLE_MODULES = YES;
				CLANG_ENABLE_OBJC_ARC = YES;
				CLANG_WARN_BOOL_CONVERSION = YES;
				CLANG_WARN_CONSTANT_CONVERSION = YES;
				CLANG_WARN_DIRECT_OBJC_ISA_USAGE = YES_ERROR;
				CLANG_WARN_EMPTY_BODY = YES;
				CLANG_WARN_ENUM_CONVERSION = YES;
				CLANG_WARN_INT_CONVERSION = YES;
				CLANG_WARN_OBJC_ROOT_CLASS = YES_ERROR;
				CLANG_WARN_UNREACHABLE_CODE = YES;
				CLANG_WARN__DUPLICATE_METHOD_MATCH = YES;
				"CODE_SIGN_IDENTITY[sdk=iphoneos*]" = "iPhone Developer";
				COPY_PHASE_STRIP = NO;
				DEBUG_INFORMATION_FORMAT = "dwarf-with-dsym";
				ENABLE_NS_ASSERTIONS = NO;
				ENABLE_STRICT_OBJC_MSGSEND = YES;
				GCC_C_LANGUAGE_STANDARD = gnu99;
				GCC_NO_COMMON_BLOCKS = YES;
				GCC_WARN_64_TO_32_BIT_CONVERSION = YES;
				GCC_WARN_ABOUT_RETURN_TYPE = YES_ERROR;
				GCC_WARN_UNDECLARED_SELECTOR = YES;
				GCC_WARN_UNINITIALIZED_AUTOS = YES_AGGRESSIVE;
				GCC_WARN_UNUSED_FUNCTION = YES;
				GCC_WARN_UNUSED_VARIABLE = YES;
				IPHONEOS_DEPLOYMENT_TARGET = 8.3;
				MTL_ENABLE_DEBUG_INFO = NO;
				SDKROOT = iphoneos;
				TARGETED_DEVICE_FAMILY = "1,2";
				VALIDATE_PRODUCT = YES;
			};
			name = Release;
		};
		A0249F2C1AAA50FC00058F4F /* Debug */ = {
			isa = XCBuildConfiguration;
			buildSettings = {
				ASSETCATALOG_COMPILER_APPICON_NAME = AppIcon;
				CODE_SIGN_IDENTITY = "iPhone Developer";
				INFOPLIST_FILE = AOliveraStateCapitals/Info.plist;
				IPHONEOS_DEPLOYMENT_TARGET = 8.1;
				LD_RUNPATH_SEARCH_PATHS = "$(inherited) @executable_path/Frameworks";
				PRODUCT_NAME = "$(TARGET_NAME)";
			};
			name = Debug;
		};
		A0249F2D1AAA50FC00058F4F /* Release */ = {
			isa = XCBuildConfiguration;
			buildSettings = {
				ASSETCATALOG_COMPILER_APPICON_NAME = AppIcon;
				CODE_SIGN_IDENTITY = "iPhone Developer";
				INFOPLIST_FILE = AOliveraStateCapitals/Info.plist;
				IPHONEOS_DEPLOYMENT_TARGET = 8.1;
				LD_RUNPATH_SEARCH_PATHS = "$(inherited) @executable_path/Frameworks";
				PRODUCT_NAME = "$(TARGET_NAME)";
			};
			name = Release;
		};
		A0249F2F1AAA50FC00058F4F /* Debug */ = {
			isa = XCBuildConfiguration;
			buildSettings = {
				BUNDLE_LOADER = "$(TEST_HOST)";
				FRAMEWORK_SEARCH_PATHS = (
					"$(SDKROOT)/Developer/Library/Frameworks",
					"$(inherited)",
				);
				GCC_PREPROCESSOR_DEFINITIONS = (
					"DEBUG=1",
					"$(inherited)",
				);
				INFOPLIST_FILE = AOliveraStateCapitalsTests/Info.plist;
				LD_RUNPATH_SEARCH_PATHS = "$(inherited) @executable_path/Frameworks @loader_path/Frameworks";
				PRODUCT_NAME = "$(TARGET_NAME)";
				TEST_HOST = "$(BUILT_PRODUCTS_DIR)/AOliveraStateCapitals.app/AOliveraStateCapitals";
			};
			name = Debug;
		};
		A0249F301AAA50FC00058F4F /* Release */ = {
			isa = XCBuildConfiguration;
			buildSettings = {
				BUNDLE_LOADER = "$(TEST_HOST)";
				FRAMEWORK_SEARCH_PATHS = (
					"$(SDKROOT)/Developer/Library/Frameworks",
					"$(inherited)",
				);
				INFOPLIST_FILE = AOliveraStateCapitalsTests/Info.plist;
				LD_RUNPATH_SEARCH_PATHS = "$(inherited) @executable_path/Frameworks @loader_path/Frameworks";
				PRODUCT_NAME = "$(TARGET_NAME)";
				TEST_HOST = "$(BUILT_PRODUCTS_DIR)/AOliveraStateCapitals.app/AOliveraStateCapitals";
			};
			name = Release;
		};
/* End XCBuildConfiguration section */

/* Begin XCConfigurationList section */
		A0249F031AAA50FC00058F4F /* Build configuration list for PBXProject "AOliveraStateCapitals" */ = {
			isa = XCConfigurationList;
			buildConfigurations = (
				A0249F291AAA50FC00058F4F /* Debug */,
				A0249F2A1AAA50FC00058F4F /* Release */,
			);
			defaultConfigurationIsVisible = 0;
			defaultConfigurationName = Release;
		};
		A0249F2B1AAA50FC00058F4F /* Build configuration list for PBXNativeTarget "AOliveraStateCapitals" */ = {
			isa = XCConfigurationList;
			buildConfigurations = (
				A0249F2C1AAA50FC00058F4F /* Debug */,
				A0249F2D1AAA50FC00058F4F /* Release */,
			);
			defaultConfigurationIsVisible = 0;
			defaultConfigurationName = Release;
		};
		A0249F2E1AAA50FC00058F4F /* Build configuration list for PBXNativeTarget "AOliveraStateCapitalsTests" */ = {
			isa = XCConfigurationList;
			buildConfigurations = (
				A0249F2F1AAA50FC00058F4F /* Debug */,
				A0249F301AAA50FC00058F4F /* Release */,
			);
			defaultConfigurationIsVisible = 0;
			defaultConfigurationName = Release;
		};
/* End XCConfigurationList section */
	};
	rootObject = A0249F001AAA50FC00058F4F /* Project object */;
}
